
Microsoft Visual Studio Solution File, Format Version 12.00
# Visual Studio 2013
VisualStudioVersion = 12.0.40629.0
MinimumVisualStudioVersion = 10.0.40219.1
Project("{FAE04EC0-301F-11D3-BF4B-00C04F79EFBC}") = "SharpStache", "SharpStache\SharpStache.csproj", "{AC78229F-C34F-4859-9323-7CE0A4088525}"
EndProject
Project("{FAE04EC0-301F-11D3-BF4B-00C04F79EFBC}") = "SharpStache.Test", "SharpStache.Test\SharpStache.Test.csproj", "{67560F9C-832E-4836-B425-9C77D823FD78}"
EndProject
Project("{FAE04EC0-301F-11D3-BF4B-00C04F79EFBC}") = "SharpStache.Perf", "SharpStache.Perf\SharpStache.Perf.csproj", "{388AB74C-0BB1-48C6-ACD7-E64BD918A94F}"
EndProject
Global
	GlobalSection(SolutionConfigurationPlatforms) = preSolution
		Debug|Any CPU = Debug|Any CPU
		Release|Any CPU = Release|Any CPU
	EndGlobalSection
	GlobalSection(ProjectConfigurationPlatforms) = postSolution
		{AC78229F-C34F-4859-9323-7CE0A4088525}.Debug|Any CPU.ActiveCfg = Debug|Any CPU
		{AC78229F-C34F-4859-9323-7CE0A4088525}.Debug|Any CPU.Build.0 = Debug|Any CPU
		{AC78229F-C34F-4859-9323-7CE0A4088525}.Release|Any CPU.ActiveCfg = Release|Any CPU
		{AC78229F-C34F-4859-9323-7CE0A4088525}.Release|Any CPU.Build.0 = Release|Any CPU
		{67560F9C-832E-4836-B425-9C77D823FD78}.Debug|Any CPU.ActiveCfg = Debug|Any CPU
		{67560F9C-832E-4836-B425-9C77D823FD78}.Debug|Any CPU.Build.0 = Debug|Any CPU
		{67560F9C-832E-4836-B425-9C77D823FD78}.Release|Any CPU.ActiveCfg = Release|Any CPU
		{67560F9C-832E-4836-B425-9C77D823FD78}.Release|Any CPU.Build.0 = Release|Any CPU
		{388AB74C-0BB1-48C6-ACD7-E64BD918A94F}.Debug|Any CPU.ActiveCfg = Debug|Any CPU
		{388AB74C-0BB1-48C6-ACD7-E64BD918A94F}.Debug|Any CPU.Build.0 = Debug|Any CPU
		{388AB74C-0BB1-48C6-ACD7-E64BD918A94F}.Release|Any CPU.ActiveCfg = Release|Any CPU
		{388AB74C-0BB1-48C6-ACD7-E64BD918A94F}.Release|Any CPU.Build.0 = Release|Any CPU
	EndGlobalSection
	GlobalSection(SolutionProperties) = preSolution
		HideSolutionNode = FALSE
	EndGlobalSection
EndGlobal
